// !$*UTF8*$!
{
	archiveVersion = 1;
	classes = {
	};
	objectVersion = 46;
	objects = {

/* Begin PBXBuildFile section */
		3B48F67B1E7EE1B40041843C /* WalletCell.swift in Sources */ = {isa = PBXBuildFile; fileRef = 3B48F67A1E7EE1B40041843C /* WalletCell.swift */; };
		3B57A72B1E7C4B9100C7EAC0 /* changequantityViewController.swift in Sources */ = {isa = PBXBuildFile; fileRef = 3B57A72A1E7C4B9100C7EAC0 /* changequantityViewController.swift */; };
		3B768ED01E7BCE00005F3610 /* AppDelegate.swift in Sources */ = {isa = PBXBuildFile; fileRef = 3B768ECF1E7BCE00005F3610 /* AppDelegate.swift */; };
		3B768ED21E7BCE00005F3610 /* ViewController.swift in Sources */ = {isa = PBXBuildFile; fileRef = 3B768ED11E7BCE00005F3610 /* ViewController.swift */; };
		3B768ED51E7BCE00005F3610 /* Main.storyboard in Resources */ = {isa = PBXBuildFile; fileRef = 3B768ED31E7BCE00005F3610 /* Main.storyboard */; };
		3B768ED71E7BCE00005F3610 /* Assets.xcassets in Resources */ = {isa = PBXBuildFile; fileRef = 3B768ED61E7BCE00005F3610 /* Assets.xcassets */; };
		3B768EDA1E7BCE00005F3610 /* LaunchScreen.storyboard in Resources */ = {isa = PBXBuildFile; fileRef = 3B768ED81E7BCE00005F3610 /* LaunchScreen.storyboard */; };
		3B768EE21E7BCE59005F3610 /* Wallet.swift in Sources */ = {isa = PBXBuildFile; fileRef = 3B768EE11E7BCE59005F3610 /* Wallet.swift */; };
		3B768EE71E7BE48C005F3610 /* AddViewController.swift in Sources */ = {isa = PBXBuildFile; fileRef = 3B768EE61E7BE48C005F3610 /* AddViewController.swift */; };
		3B768EED1E7C221F005F3610 /* showDetailViewController.swift in Sources */ = {isa = PBXBuildFile; fileRef = 3B768EEC1E7C221F005F3610 /* showDetailViewController.swift */; };
/* End PBXBuildFile section */

/* Begin PBXFileReference section */
		3B48F67A1E7EE1B40041843C /* WalletCell.swift */ = {isa = PBXFileReference; fileEncoding = 4; lastKnownFileType = sourcecode.swift; name = WalletCell.swift; path = iWallet/WalletCell.swift; sourceTree = "<group>"; };
		3B57A72A1E7C4B9100C7EAC0 /* changequantityViewController.swift */ = {isa = PBXFileReference; fileEncoding = 4; lastKnownFileType = sourcecode.swift; path = changequantityViewController.swift; sourceTree = "<group>"; };
		3B768ECC1E7BCE00005F3610 /* iWallet.app */ = {isa = PBXFileReference; explicitFileType = wrapper.application; includeInIndex = 0; path = iWallet.app; sourceTree = BUILT_PRODUCTS_DIR; };
		3B768ECF1E7BCE00005F3610 /* AppDelegate.swift */ = {isa = PBXFileReference; lastKnownFileType = sourcecode.swift; path = AppDelegate.swift; sourceTree = "<group>"; };
		3B768ED11E7BCE00005F3610 /* ViewController.swift */ = {isa = PBXFileReference; lastKnownFileType = sourcecode.swift; path = ViewController.swift; sourceTree = "<group>"; };
		3B768ED41E7BCE00005F3610 /* Base */ = {isa = PBXFileReference; lastKnownFileType = file.storyboard; name = Base; path = Base.lproj/Main.storyboard; sourceTree = "<group>"; };
		3B768ED61E7BCE00005F3610 /* Assets.xcassets */ = {isa = PBXFileReference; lastKnownFileType = folder.assetcatalog; path = Assets.xcassets; sourceTree = "<group>"; };
		3B768ED91E7BCE00005F3610 /* Base */ = {isa = PBXFileReference; lastKnownFileType = file.storyboard; name = Base; path = Base.lproj/LaunchScreen.storyboard; sourceTree = "<group>"; };
		3B768EDB1E7BCE00005F3610 /* Info.plist */ = {isa = PBXFileReference; lastKnownFileType = text.plist.xml; path = Info.plist; sourceTree = "<group>"; };
		3B768EE11E7BCE59005F3610 /* Wallet.swift */ = {isa = PBXFileReference; fileEncoding = 4; lastKnownFileType = sourcecode.swift; name = Wallet.swift; path = iWallet/Wallet.swift; sourceTree = "<group>"; };
		3B768EE61E7BE48C005F3610 /* AddViewController.swift */ = {isa = PBXFileReference; fileEncoding = 4; lastKnownFileType = sourcecode.swift; path = AddViewController.swift; sourceTree = "<group>"; };
		3B768EEC1E7C221F005F3610 /* showDetailViewController.swift */ = {isa = PBXFileReference; fileEncoding = 4; lastKnownFileType = sourcecode.swift; path = showDetailViewController.swift; sourceTree = "<group>"; };
/* End PBXFileReference section */

/* Begin PBXFrameworksBuildPhase section */
		3B768EC91E7BCE00005F3610 /* Frameworks */ = {
			isa = PBXFrameworksBuildPhase;
			buildActionMask = 2147483647;
			files = (
			);
			runOnlyForDeploymentPostprocessing = 0;
		};
/* End PBXFrameworksBuildPhase section */

/* Begin PBXGroup section */
		3B768EC31E7BCE00005F3610 = {
			isa = PBXGroup;
			children = (
				3B768ECE1E7BCE00005F3610 /* iWallet */,
				3B768ECD1E7BCE00005F3610 /* Products */,
			);
			sourceTree = "<group>";
		};
		3B768ECD1E7BCE00005F3610 /* Products */ = {
			isa = PBXGroup;
			children = (
				3B768ECC1E7BCE00005F3610 /* iWallet.app */,
			);
			name = Products;
			sourceTree = "<group>";
		};
		3B768ECE1E7BCE00005F3610 /* iWallet */ = {
			isa = PBXGroup;
			children = (
				3B768EE51E7BDE31005F3610 /* Controller */,
				3B768EE41E7BDE00005F3610 /* Model */,
				3B768EE31E7BDDF2005F3610 /* View */,
				3B768ED61E7BCE00005F3610 /* Assets.xcassets */,
				3B768EDB1E7BCE00005F3610 /* Info.plist */,
			);
			path = iWallet;
			sourceTree = "<group>";
		};
		3B768EE31E7BDDF2005F3610 /* View */ = {
			isa = PBXGroup;
			children = (
				3B768ED31E7BCE00005F3610 /* Main.storyboard */,
				3B768ED81E7BCE00005F3610 /* LaunchScreen.storyboard */,
			);
			name = View;
			path = ..;
			sourceTree = "<group>";
		};
		3B768EE41E7BDE00005F3610 /* Model */ = {
			isa = PBXGroup;
			children = (
				3B48F67A1E7EE1B40041843C /* WalletCell.swift */,
				3B768EE11E7BCE59005F3610 /* Wallet.swift */,
			);
			name = Model;
			path = ..;
			sourceTree = "<group>";
		};
		3B768EE51E7BDE31005F3610 /* Controller */ = {
			isa = PBXGroup;
			children = (
				3B768ECF1E7BCE00005F3610 /* AppDelegate.swift */,
				3B768ED11E7BCE00005F3610 /* ViewController.swift */,
				3B768EE61E7BE48C005F3610 /* AddViewController.swift */,
				3B768EEC1E7C221F005F3610 /* showDetailViewController.swift */,
				3B57A72A1E7C4B9100C7EAC0 /* changequantityViewController.swift */,
			);
			name = Controller;
			sourceTree = "<group>";
		};
/* End PBXGroup section */

/* Begin PBXNativeTarget section */
		3B768ECB1E7BCE00005F3610 /* iWallet */ = {
			isa = PBXNativeTarget;
			buildConfigurationList = 3B768EDE1E7BCE00005F3610 /* Build configuration list for PBXNativeTarget "iWallet" */;
			buildPhases = (
				3B768EC81E7BCE00005F3610 /* Sources */,
				3B768EC91E7BCE00005F3610 /* Frameworks */,
				3B768ECA1E7BCE00005F3610 /* Resources */,
			);
			buildRules = (
			);
			dependencies = (
			);
			name = iWallet;
			productName = iWallet;
			productReference = 3B768ECC1E7BCE00005F3610 /* iWallet.app */;
			productType = "com.apple.product-type.application";
		};
/* End PBXNativeTarget section */

/* Begin PBXProject section */
		3B768EC41E7BCE00005F3610 /* Project object */ = {
			isa = PBXProject;
			attributes = {
				LastSwiftUpdateCheck = 0820;
				LastUpgradeCheck = 0820;
				ORGANIZATIONNAME = Pedro3293;
				TargetAttributes = {
					3B768ECB1E7BCE00005F3610 = {
						CreatedOnToolsVersion = 8.2.1;
						DevelopmentTeam = 434M8QJ77Z;
						ProvisioningStyle = Automatic;
					};
				};
			};
			buildConfigurationList = 3B768EC71E7BCE00005F3610 /* Build configuration list for PBXProject "iWallet" */;
			compatibilityVersion = "Xcode 3.2";
			developmentRegion = English;
			hasScannedForEncodings = 0;
			knownRegions = (
				en,
				Base,
			);
			mainGroup = 3B768EC31E7BCE00005F3610;
			productRefGroup = 3B768ECD1E7BCE00005F3610 /* Products */;
			projectDirPath = "";
			projectRoot = "";
			targets = (
				3B768ECB1E7BCE00005F3610 /* iWallet */,
			);
		};
/* End PBXProject section */

/* Begin PBXResourcesBuildPhase section */
		3B768ECA1E7BCE00005F3610 /* Resources */ = {
			isa = PBXResourcesBuildPhase;
			buildActionMask = 2147483647;
			files = (
				3B768EDA1E7BCE00005F3610 /* LaunchScreen.storyboard in Resources */,
				3B768ED71E7BCE00005F3610 /* Assets.xcassets in Resources */,
				3B768ED51E7BCE00005F3610 /* Main.storyboard in Resources */,
			);
			runOnlyForDeploymentPostprocessing = 0;
		};
/* End PBXResourcesBuildPhase section */

/* Begin PBXSourcesBuildPhase section */
		3B768EC81E7BCE00005F3610 /* Sources */ = {
			isa = PBXSourcesBuildPhase;
			buildActionMask = 2147483647;
			files = (
				3B768EE21E7BCE59005F3610 /* Wallet.swift in Sources */,
				3B768ED21E7BCE00005F3610 /* ViewController.swift in Sources */,
				3B768EED1E7C221F005F3610 /* showDetailViewController.swift in Sources */,
				3B48F67B1E7EE1B40041843C /* WalletCell.swift in Sources */,
				3B57A72B1E7C4B9100C7EAC0 /* changequantityViewController.swift in Sources */,
				3B768ED01E7BCE00005F3610 /* AppDelegate.swift in Sources */,
				3B768EE71E7BE48C005F3610 /* AddViewController.swift in Sources */,
			);
			runOnlyForDeploymentPostprocessing = 0;
		};
/* End PBXSourcesBuildPhase section */

/* Begin PBXVariantGroup section */
		3B768ED31E7BCE00005F3610 /* Main.storyboard */ = {
			isa = PBXVariantGroup;
			children = (
				3B768ED41E7BCE00005F3610 /* Base */,
			);
			name = Main.storyboard;
			path = iWallet;
			sourceTree = "<group>";
		};
		3B768ED81E7BCE00005F3610 /* LaunchScreen.storyboard */ = {
			isa = PBXVariantGroup;
			children = (
				3B768ED91E7BCE00005F3610 /* Base */,
			);
			name = LaunchScreen.storyboard;
			path = iWallet;
			sourceTree = "<group>";
		};
/* End PBXVariantGroup section */

/* Begin XCBuildConfiguration section */
		3B768EDC1E7BCE00005F3610 /* Debug */ = {
			isa = XCBuildConfiguration;
			buildSettings = {
				ALWAYS_SEARCH_USER_PATHS = NO;
				CLANG_ANALYZER_NONNULL = YES;
				CLANG_CXX_LANGUAGE_STANDARD = "gnu++0x";
				CLANG_CXX_LIBRARY = "libc++";
				CLANG_ENABLE_MODULES = YES;
				CLANG_ENABLE_OBJC_ARC = YES;
				CLANG_WARN_BOOL_CONVERSION = YES;
				CLANG_WARN_CONSTANT_CONVERSION = YES;
				CLANG_WARN_DIRECT_OBJC_ISA_USAGE = YES_ERROR;
				CLANG_WARN_DOCUMENTATION_COMMENTS = YES;
				CLANG_WARN_EMPTY_BODY = YES;
				CLANG_WARN_ENUM_CONVERSION = YES;
				CLANG_WARN_INFINITE_RECURSION = YES;
				CLANG_WARN_INT_CONVERSION = YES;
				CLANG_WARN_OBJC_ROOT_CLASS = YES_ERROR;
				CLANG_WARN_SUSPICIOUS_MOVE = YES;
				CLANG_WARN_UNREACHABLE_CODE = YES;
				CLANG_WARN__DUPLICATE_METHOD_MATCH = YES;
				"CODE_SIGN_IDENTITY[sdk=iphoneos*]" = "iPhone Developer";
				COPY_PHASE_STRIP = NO;
				DEBUG_INFORMATION_FORMAT = dwarf;
				ENABLE_STRICT_OBJC_MSGSEND = YES;
				ENABLE_TESTABILITY = YES;
				GCC_C_LANGUAGE_STANDARD = gnu99;
				GCC_DYNAMIC_NO_PIC = NO;
				GCC_NO_COMMON_BLOCKS = YES;
				GCC_OPTIMIZATION_LEVEL = 0;
				GCC_PREPROCESSOR_DEFINITIONS = (
					"DEBUG=1",
					"$(inherited)",
				);
				GCC_WARN_64_TO_32_BIT_CONVERSION = YES;
				GCC_WARN_ABOUT_RETURN_TYPE = YES_ERROR;
				GCC_WARN_UNDECLARED_SELECTOR = YES;
				GCC_WARN_UNINITIALIZED_AUTOS = YES_AGGRESSIVE;
				GCC_WARN_UNUSED_FUNCTION = YES;
				GCC_WARN_UNUSED_VARIABLE = YES;
				IPHONEOS_DEPLOYMENT_TARGET = 10.2;
				MTL_ENABLE_DEBUG_INFO = YES;
				ONLY_ACTIVE_ARCH = YES;
				SDKROOT = iphoneos;
				SWIFT_ACTIVE_COMPILATION_CONDITIONS = DEBUG;
				SWIFT_OPTIMIZATION_LEVEL = "-Onone";
				TARGETED_DEVICE_FAMILY = "1,2";
			};
			name = Debug;
		};
		3B768EDD1E7BCE00005F3610 /* Release */ = {
			isa = XCBuildConfiguration;
			buildSettings = {
				ALWAYS_SEARCH_USER_PATHS = NO;
				CLANG_ANALYZER_NONNULL = YES;
				CLANG_CXX_LANGUAGE_STANDARD = "gnu++0x";
				CLANG_CXX_LIBRARY = "libc++";
				CLANG_ENABLE_MODULES = YES;
				CLANG_ENABLE_OBJC_ARC = YES;
				CLANG_WARN_BOOL_CONVERSION = YES;
				CLANG_WARN_CONSTANT_CONVERSION = YES;
				CLANG_WARN_DIRECT_OBJC_ISA_USAGE = YES_ERROR;
				CLANG_WARN_DOCUMENTATION_COMMENTS = YES;
				CLANG_WARN_EMPTY_BODY = YES;
				CLANG_WARN_ENUM_CONVERSION = YES;
				CLANG_WARN_INFINITE_RECURSION = YES;
				CLANG_WARN_INT_CONVERSION = YES;
				CLANG_WARN_OBJC_ROOT_CLASS = YES_ERROR;
				CLANG_WARN_SUSPICIOUS_MOVE = YES;
				CLANG_WARN_UNREACHABLE_CODE = YES;
				CLANG_WARN__DUPLICATE_METHOD_MATCH = YES;
				"CODE_SIGN_IDENTITY[sdk=iphoneos*]" = "iPhone Developer";
				COPY_PHASE_STRIP = NO;
				DEBUG_INFORMATION_FORMAT = "dwarf-with-dsym";
				ENABLE_NS_ASSERTIONS = NO;
				ENABLE_STRICT_OBJC_MSGSEND = YES;
				GCC_C_LANGUAGE_STANDARD = gnu99;
				GCC_NO_COMMON_BLOCKS = YES;
				GCC_WARN_64_TO_32_BIT_CONVERSION = YES;
				GCC_WARN_ABOUT_RETURN_TYPE = YES_ERROR;
				GCC_WARN_UNDECLARED_SELECTOR = YES;
				GCC_WARN_UNINITIALIZED_AUTOS = YES_AGGRESSIVE;
				GCC_WARN_UNUSED_FUNCTION = YES;
				GCC_WARN_UNUSED_VARIABLE = YES;
				IPHONEOS_DEPLOYMENT_TARGET = 10.2;
				MTL_ENABLE_DEBUG_INFO = NO;
				SDKROOT = iphoneos;
				SWIFT_OPTIMIZATION_LEVEL = "-Owholemodule";
				TARGETED_DEVICE_FAMILY = "1,2";
				VALIDATE_PRODUCT = YES;
			};
			name = Release;
		};
		3B768EDF1E7BCE00005F3610 /* Debug */ = {
			isa = XCBuildConfiguration;
			buildSettings = {
				ASSETCATALOG_COMPILER_APPICON_NAME = AppIcon;
				DEVELOPMENT_TEAM = 434M8QJ77Z;
				INFOPLIST_FILE = iWallet/Info.plist;
				LD_RUNPATH_SEARCH_PATHS = "$(inherited) @executable_path/Frameworks";
				PRODUCT_BUNDLE_IDENTIFIER = com.Pedro3293.iWallet;
				PRODUCT_NAME = "$(TARGET_NAME)";
				SWIFT_VERSION = 3.0;
			};
			name = Debug;
		};
		3B768EE01E7BCE00005F3610 /* Release */ = {
			isa = XCBuildConfiguration;
			buildSettings = {
				ASSETCATALOG_COMPILER_APPICON_NAME = AppIcon;
				DEVELOPMENT_TEAM = 434M8QJ77Z;
				INFOPLIST_FILE = iWallet/Info.plist;
				LD_RUNPATH_SEARCH_PATHS = "$(inherited) @executable_path/Frameworks";
				PRODUCT_BUNDLE_IDENTIFIER = com.Pedro3293.iWallet;
				PRODUCT_NAME = "$(TARGET_NAME)";
				SWIFT_VERSION = 3.0;
			};
			name = Release;
		};
/* End XCBuildConfiguration section */

/* Begin XCConfigurationList section */
		3B768EC71E7BCE00005F3610 /* Build configuration list for PBXProject "iWallet" */ = {
			isa = XCConfigurationList;
			buildConfigurations = (
				3B768EDC1E7BCE00005F3610 /* Debug */,
				3B768EDD1E7BCE00005F3610 /* Release */,
			);
			defaultConfigurationIsVisible = 0;
			defaultConfigurationName = Release;
		};
		3B768EDE1E7BCE00005F3610 /* Build configuration list for PBXNativeTarget "iWallet" */ = {
			isa = XCConfigurationList;
			buildConfigurations = (
				3B768EDF1E7BCE00005F3610 /* Debug */,
				3B768EE01E7BCE00005F3610 /* Release */,
			);
			defaultConfigurationIsVisible = 0;
			defaultConfigurationName = Release;
		};
/* End XCConfigurationList section */
	};
	rootObject = 3B768EC41E7BCE00005F3610 /* Project object */;
}
